
Microsoft Visual Studio Solution File, Format Version 12.00
# Visual Studio 2012
Project("{8BC9CEB8-8B4A-11D0-8D11-00A0C91BC942}") = "flight", "flight.vcxproj", "{F747A8C3-D3A7-47B6-B4DF-6BED0D35F63B}"
EndProject
Global
	GlobalSection(SolutionConfigurationPlatforms) = preSolution
		Debug|Win32 = Debug|Win32
		Release|Win32 = Release|Win32
	EndGlobalSection
	GlobalSection(ProjectConfigurationPlatforms) = postSolution
		{F747A8C3-D3A7-47B6-B4DF-6BED0D35F63B}.Debug|Win32.ActiveCfg = Debug|Win32
		{F747A8C3-D3A7-47B6-B4DF-6BED0D35F63B}.Debug|Win32.Build.0 = Debug|Win32
		{F747A8C3-D3A7-47B6-B4DF-6BED0D35F63B}.Release|Win32.ActiveCfg = Release|Win32
		{F747A8C3-D3A7-47B6-B4DF-6BED0D35F63B}.Release|Win32.Build.0 = Release|Win32
	EndGlobalSection
	GlobalSection(SolutionProperties) = preSolution
		HideSolutionNode = FALSE
	EndGlobalSection
EndGlobal
